
Microsoft Visual Studio Solution File, Format Version 12.00
# Visual Studio Version 17
VisualStudioVersion = 17.0.31611.283
MinimumVisualStudioVersion = 10.0.40219.1
Project("{9A19103F-16F7-4668-BE54-9A1E7A4F7556}") = "DynamicallyLoadedPagesRepro", "DynamicallyLoadedPagesRepro\DynamicallyLoadedPagesRepro.csproj", "{A79EF2D0-F860-4C9E-B494-0858F3C386FD}"
EndProject
Project("{9A19103F-16F7-4668-BE54-9A1E7A4F7556}") = "MyModule", "MyModule\MyModule.csproj", "{6E66B413-5FD2-4BBB-AA6A-BC56055838DE}"
EndProject
Global
	GlobalSection(SolutionConfigurationPlatforms) = preSolution
		Debug|Any CPU = Debug|Any CPU
		Release|Any CPU = Release|Any CPU
	EndGlobalSection
	GlobalSection(ProjectConfigurationPlatforms) = postSolution
		{A79EF2D0-F860-4C9E-B494-0858F3C386FD}.Debug|Any CPU.ActiveCfg = Debug|Any CPU
		{A79EF2D0-F860-4C9E-B494-0858F3C386FD}.Debug|Any CPU.Build.0 = Debug|Any CPU
		{A79EF2D0-F860-4C9E-B494-0858F3C386FD}.Debug|Any CPU.Deploy.0 = Debug|Any CPU
		{A79EF2D0-F860-4C9E-B494-0858F3C386FD}.Release|Any CPU.ActiveCfg = Release|Any CPU
		{A79EF2D0-F860-4C9E-B494-0858F3C386FD}.Release|Any CPU.Build.0 = Release|Any CPU
		{A79EF2D0-F860-4C9E-B494-0858F3C386FD}.Release|Any CPU.Deploy.0 = Release|Any CPU
		{6E66B413-5FD2-4BBB-AA6A-BC56055838DE}.Debug|Any CPU.ActiveCfg = Debug|Any CPU
		{6E66B413-5FD2-4BBB-AA6A-BC56055838DE}.Debug|Any CPU.Build.0 = Debug|Any CPU
		{6E66B413-5FD2-4BBB-AA6A-BC56055838DE}.Release|Any CPU.ActiveCfg = Release|Any CPU
		{6E66B413-5FD2-4BBB-AA6A-BC56055838DE}.Release|Any CPU.Build.0 = Release|Any CPU
	EndGlobalSection
	GlobalSection(SolutionProperties) = preSolution
		HideSolutionNode = FALSE
	EndGlobalSection
	GlobalSection(ExtensibilityGlobals) = postSolution
		SolutionGuid = {61F7FB11-1E47-470C-91E2-47F8143E1572}
	EndGlobalSection
EndGlobal
